{
  "name": "electron-proxy",
  "version": "1.57.0-next",
  "lockfileVersion": 3,
  "requires": true,
  "packages": {
    "": {
      "name": "electron-proxy",
      "version": "1.57.0-next",
      "license": "Apache-2.0",
      "dependencies": {
        "playwright-internal": "file:../.."
      },
      "bin": {
        "electron-proxy": "cli.js"
      },
      "engines": {
        "node": ">=18"
      }
    },
    "../..": {
      "name": "playwright-internal",
      "version": "1.57.0-next",
      "license": "Apache-2.0",
      "workspaces": [
        "packages/playwright-core-electron-only"
      ],
      "devDependencies": {
        "@actions/core": "^1.10.0",
        "@actions/github": "^6.0.0",
        "@babel/code-frame": "^7.26.2",
        "@eslint/compat": "^1.3.2",
        "@eslint/eslintrc": "^3.3.1",
        "@eslint/js": "^9.34.0",
        "@modelcontextprotocol/sdk": "^1.17.5",
        "@octokit/graphql-schema": "^15.26.0",
        "@playwright/test": "^1.56.0",
        "@stylistic/eslint-plugin": "^5.2.3",
        "@types/codemirror": "^5.60.7",
        "@types/formidable": "^2.0.4",
        "@types/node": "18.19.76",
        "@types/react": "^19.1.13",
        "@types/react-dom": "^19.1.9",
        "@types/ws": "^8.5.3",
        "@types/xml2js": "^0.4.9",
        "@typescript-eslint/eslint-plugin": "^8.41.0",
        "@typescript-eslint/parser": "^8.41.0",
        "@typescript-eslint/utils": "^8.41.0",
        "@vitejs/plugin-basic-ssl": "^1.1.0",
        "@vitejs/plugin-react": "^4.2.1",
        "@zip.js/zip.js": "^2.7.29",
        "ansi-styles": "^4.3.0",
        "chokidar": "^3.5.3",
        "chromium-bidi": "^9.0.0",
        "colors": "^1.4.0",
        "concurrently": "^6.2.1",
        "cross-env": "^7.0.3",
        "dotenv": "^16.4.5",
        "electron": "^38.1.0",
        "esbuild": "^0.25.0",
        "eslint": "^9.34.0",
        "eslint-plugin-import": "^2.32.0",
        "eslint-plugin-notice": "^1.0.0",
        "eslint-plugin-react": "^7.37.5",
        "eslint-plugin-react-hooks": "^5.2.0",
        "formidable": "^2.1.1",
        "immutable": "^4.3.7",
        "license-checker": "^25.0.1",
        "mime": "^3.0.0",
        "node-stream-zip": "^1.15.0",
        "playwright-core": "^1.56.0",
        "react": "^19.1.1",
        "react-dom": "^19.1.1",
        "ssim.js": "^3.5.0",
        "typescript": "^5.9.2",
        "vite": "^6.3.6",
        "ws": "^8.17.1",
        "xml2js": "^0.5.0",
        "yaml": "2.6.0",
        "zod": "^3.25.76",
        "zod-to-json-schema": "^3.24.6"
      },
      "engines": {
        "node": ">=18"
      }
    },
    "node_modules/playwright-internal": {
      "resolved": "../..",
      "link": true
    }
  }
}
